
Microsoft Visual Studio Solution File, Format Version 12.00
# Visual Studio Version 16
VisualStudioVersion = 16.0.30621.155
MinimumVisualStudioVersion = 10.0.40219.1
Project("{FAE04EC0-301F-11D3-BF4B-00C04F79EFBC}") = "LadeSkab", "LadeSkab\LadeSkab.csproj", "{6038D937-6267-493C-95B4-64AA98A830BC}"
EndProject
Project("{FAE04EC0-301F-11D3-BF4B-00C04F79EFBC}") = "NUnitTestLadeSkab", "NUnitTestLadeSkab\NUnitTestLadeSkab.csproj", "{38CE94C0-A90E-4452-8E21-760F9976128D}"
EndProject
Global
	GlobalSection(SolutionConfigurationPlatforms) = preSolution
		Debug|Any CPU = Debug|Any CPU
		Release|Any CPU = Release|Any CPU
	EndGlobalSection
	GlobalSection(ProjectConfigurationPlatforms) = postSolution
		{6038D937-6267-493C-95B4-64AA98A830BC}.Debug|Any CPU.ActiveCfg = Debug|Any CPU
		{6038D937-6267-493C-95B4-64AA98A830BC}.Debug|Any CPU.Build.0 = Debug|Any CPU
		{6038D937-6267-493C-95B4-64AA98A830BC}.Release|Any CPU.ActiveCfg = Release|Any CPU
		{6038D937-6267-493C-95B4-64AA98A830BC}.Release|Any CPU.Build.0 = Release|Any CPU
		{38CE94C0-A90E-4452-8E21-760F9976128D}.Debug|Any CPU.ActiveCfg = Debug|Any CPU
		{38CE94C0-A90E-4452-8E21-760F9976128D}.Debug|Any CPU.Build.0 = Debug|Any CPU
		{38CE94C0-A90E-4452-8E21-760F9976128D}.Release|Any CPU.ActiveCfg = Release|Any CPU
		{38CE94C0-A90E-4452-8E21-760F9976128D}.Release|Any CPU.Build.0 = Release|Any CPU
	EndGlobalSection
	GlobalSection(SolutionProperties) = preSolution
		HideSolutionNode = FALSE
	EndGlobalSection
	GlobalSection(ExtensibilityGlobals) = postSolution
		SolutionGuid = {05C95DB5-3E74-4FBD-986E-5E8F0D9DEA86}
	EndGlobalSection
EndGlobal
